
Microsoft Visual Studio Solution File, Format Version 12.00
# Visual Studio 14
VisualStudioVersion = 14.0.23107.0
MinimumVisualStudioVersion = 10.0.40219.1
Project("{FAE04EC0-301F-11D3-BF4B-00C04F79EFBC}") = "HtmlToPdf", "Temp\HtmlToPdf.csproj", "{34F38C2C-AA87-4597-AD95-C0CF76D3AA34}"
EndProject
Global
	GlobalSection(SolutionConfigurationPlatforms) = preSolution
		Debug|Any CPU = Debug|Any CPU
		Release|Any CPU = Release|Any CPU
	EndGlobalSection
	GlobalSection(ProjectConfigurationPlatforms) = postSolution
		{34F38C2C-AA87-4597-AD95-C0CF76D3AA34}.Debug|Any CPU.ActiveCfg = Debug|Any CPU
		{34F38C2C-AA87-4597-AD95-C0CF76D3AA34}.Debug|Any CPU.Build.0 = Debug|Any CPU
		{34F38C2C-AA87-4597-AD95-C0CF76D3AA34}.Release|Any CPU.ActiveCfg = Release|Any CPU
		{34F38C2C-AA87-4597-AD95-C0CF76D3AA34}.Release|Any CPU.Build.0 = Release|Any CPU
	EndGlobalSection
	GlobalSection(SolutionProperties) = preSolution
		HideSolutionNode = FALSE
	EndGlobalSection
EndGlobal
